
Microsoft Visual Studio Solution File, Format Version 12.00
# Visual Studio Version 16
VisualStudioVersion = 16.0.32126.315
MinimumVisualStudioVersion = 10.0.40219.1
Project("{FAE04EC0-301F-11D3-BF4B-00C04F79EFBC}") = "EF_01", "EF_01\EF_01.csproj", "{4E669943-C7FA-4E0E-8A3D-E9005977E980}"
EndProject
Global
	GlobalSection(SolutionConfigurationPlatforms) = preSolution
		Debug|Any CPU = Debug|Any CPU
		Release|Any CPU = Release|Any CPU
	EndGlobalSection
	GlobalSection(ProjectConfigurationPlatforms) = postSolution
		{4E669943-C7FA-4E0E-8A3D-E9005977E980}.Debug|Any CPU.ActiveCfg = Debug|Any CPU
		{4E669943-C7FA-4E0E-8A3D-E9005977E980}.Debug|Any CPU.Build.0 = Debug|Any CPU
		{4E669943-C7FA-4E0E-8A3D-E9005977E980}.Release|Any CPU.ActiveCfg = Release|Any CPU
		{4E669943-C7FA-4E0E-8A3D-E9005977E980}.Release|Any CPU.Build.0 = Release|Any CPU
	EndGlobalSection
	GlobalSection(SolutionProperties) = preSolution
		HideSolutionNode = FALSE
	EndGlobalSection
	GlobalSection(ExtensibilityGlobals) = postSolution
		SolutionGuid = {7D4959AD-8C0E-43E8-BCE6-B53FB0A2F1EA}
	EndGlobalSection
EndGlobal
