
Microsoft Visual Studio Solution File, Format Version 12.00
# Visual Studio Version 16
VisualStudioVersion = 16.0.32126.315
MinimumVisualStudioVersion = 10.0.40219.1
Project("{FAE04EC0-301F-11D3-BF4B-00C04F79EFBC}") = "DatabaseImageProject", "DatabaseImageProject\DatabaseImageProject.csproj", "{B71080DE-3610-4D39-954A-D064E26601DF}"
EndProject
Global
	GlobalSection(SolutionConfigurationPlatforms) = preSolution
		Debug|Any CPU = Debug|Any CPU
		Release|Any CPU = Release|Any CPU
	EndGlobalSection
	GlobalSection(ProjectConfigurationPlatforms) = postSolution
		{B71080DE-3610-4D39-954A-D064E26601DF}.Debug|Any CPU.ActiveCfg = Debug|Any CPU
		{B71080DE-3610-4D39-954A-D064E26601DF}.Debug|Any CPU.Build.0 = Debug|Any CPU
		{B71080DE-3610-4D39-954A-D064E26601DF}.Release|Any CPU.ActiveCfg = Release|Any CPU
		{B71080DE-3610-4D39-954A-D064E26601DF}.Release|Any CPU.Build.0 = Release|Any CPU
	EndGlobalSection
	GlobalSection(SolutionProperties) = preSolution
		HideSolutionNode = FALSE
	EndGlobalSection
	GlobalSection(ExtensibilityGlobals) = postSolution
		SolutionGuid = {DCB36A81-1F9C-4A1C-9F9A-B50F0990F6C9}
	EndGlobalSection
EndGlobal
